
Microsoft Visual Studio Solution File, Format Version 12.00
# Visual Studio Version 17
VisualStudioVersion = 17.7.34221.43
MinimumVisualStudioVersion = 10.0.40219.1
Project("{FAE04EC0-301F-11D3-BF4B-00C04F79EFBC}") = "HelloWorld", "HelloWorld\HelloWorld.csproj", "{6072806A-1C6A-45B8-A3ED-8633D652AFCA}"
EndProject
Global
	GlobalSection(SolutionConfigurationPlatforms) = preSolution
		Debug|Any CPU = Debug|Any CPU
		Release|Any CPU = Release|Any CPU
	EndGlobalSection
	GlobalSection(ProjectConfigurationPlatforms) = postSolution
		{6072806A-1C6A-45B8-A3ED-8633D652AFCA}.Debug|Any CPU.ActiveCfg = Debug|Any CPU
		{6072806A-1C6A-45B8-A3ED-8633D652AFCA}.Debug|Any CPU.Build.0 = Debug|Any CPU
		{6072806A-1C6A-45B8-A3ED-8633D652AFCA}.Release|Any CPU.ActiveCfg = Release|Any CPU
		{6072806A-1C6A-45B8-A3ED-8633D652AFCA}.Release|Any CPU.Build.0 = Release|Any CPU
	EndGlobalSection
	GlobalSection(SolutionProperties) = preSolution
		HideSolutionNode = FALSE
	EndGlobalSection
	GlobalSection(ExtensibilityGlobals) = postSolution
		SolutionGuid = {ABCD9299-8434-4FE9-A7A7-071F6BA1691A}
	EndGlobalSection
EndGlobal
